
Microsoft Visual Studio Solution File, Format Version 12.00
# Visual Studio Version 16
VisualStudioVersion = 16.0.28803.352
MinimumVisualStudioVersion = 10.0.40219.1
Project("{FAE04EC0-301F-11D3-BF4B-00C04F79EFBC}") = "HelloWorld", "HelloWorld.csproj", "{A72DDD0C-7BE0-467F-9E55-B1AD5897D1A3}"
EndProject
Global
	GlobalSection(SolutionConfigurationPlatforms) = preSolution
		Debug|Any CPU = Debug|Any CPU
		Release|Any CPU = Release|Any CPU
	EndGlobalSection
	GlobalSection(ProjectConfigurationPlatforms) = postSolution
		{A72DDD0C-7BE0-467F-9E55-B1AD5897D1A3}.Debug|Any CPU.ActiveCfg = Debug|Any CPU
		{A72DDD0C-7BE0-467F-9E55-B1AD5897D1A3}.Debug|Any CPU.Build.0 = Debug|Any CPU
		{A72DDD0C-7BE0-467F-9E55-B1AD5897D1A3}.Release|Any CPU.ActiveCfg = Release|Any CPU
		{A72DDD0C-7BE0-467F-9E55-B1AD5897D1A3}.Release|Any CPU.Build.0 = Release|Any CPU
	EndGlobalSection
	GlobalSection(SolutionProperties) = preSolution
		HideSolutionNode = FALSE
	EndGlobalSection
	GlobalSection(ExtensibilityGlobals) = postSolution
		SolutionGuid = {57D6EF28-E1B7-47EB-9246-47D67FF2526E}
	EndGlobalSection
EndGlobal
